
Microsoft Visual Studio Solution File, Format Version 12.00
# Visual Studio Version 16
VisualStudioVersion = 16.0.29215.179
MinimumVisualStudioVersion = 10.0.40219.1
Project("{FAE04EC0-301F-11D3-BF4B-00C04F79EFBC}") = "EasyIPToolWF", "EasyIPToolWF\EasyIPToolWF.csproj", "{8B185B8B-BC1C-4C76-85FD-0D901A7705A0}"
EndProject
Global
	GlobalSection(SolutionConfigurationPlatforms) = preSolution
		Debug|Any CPU = Debug|Any CPU
		Release|Any CPU = Release|Any CPU
		Description = Quickly and easily Change your IP Address!
	EndGlobalSection
	GlobalSection(ProjectConfigurationPlatforms) = postSolution
		{8B185B8B-BC1C-4C76-85FD-0D901A7705A0}.Debug|Any CPU.ActiveCfg = Debug|Any CPU
		{8B185B8B-BC1C-4C76-85FD-0D901A7705A0}.Debug|Any CPU.Build.0 = Debug|Any CPU
		{8B185B8B-BC1C-4C76-85FD-0D901A7705A0}.Release|Any CPU.ActiveCfg = Release|Any CPU
		{8B185B8B-BC1C-4C76-85FD-0D901A7705A0}.Release|Any CPU.Build.0 = Release|Any CPU
	EndGlobalSection
	GlobalSection(SolutionProperties) = preSolution
		HideSolutionNode = FALSE
	EndGlobalSection
	GlobalSection(ExtensibilityGlobals) = postSolution
		SolutionGuid = {53912A05-4C1C-431D-968D-99CB7309016E}
	EndGlobalSection
EndGlobal
